// !$*UTF8*$!
{
	archiveVersion = 1;
	classes = {
	};
	objectVersion = 56;
	objects = {

/* Begin PBXBuildFile section */
		C0090FDD2CA41D8600827E7A /* RealmSwift in Embed Frameworks */ = {isa = PBXBuildFile; productRef = C06B0BE12C9D16DE005451D5 /* RealmSwift */; settings = {ATTRIBUTES = (CodeSignOnCopy, ); }; };
		C03760D22CA6C359005FB0B7 /* EstablishedView.swift in Sources */ = {isa = PBXBuildFile; fileRef = C03760D12CA6C359005FB0B7 /* EstablishedView.swift */; };
		C03760D62CA6C920005FB0B7 /* EstablishedViewModel.swift in Sources */ = {isa = PBXBuildFile; fileRef = C03760D52CA6C920005FB0B7 /* EstablishedViewModel.swift */; };
		C03760DB2CA717D2005FB0B7 /* PauseListView.swift in Sources */ = {isa = PBXBuildFile; fileRef = C03760DA2CA717D2005FB0B7 /* PauseListView.swift */; };
		C03760E02CA71FB1005FB0B7 /* PauseListViewModel.swift in Sources */ = {isa = PBXBuildFile; fileRef = C03760DF2CA71FB1005FB0B7 /* PauseListViewModel.swift */; };
		C03760E32CA7DE52005FB0B7 /* SubTitleWrapper.swift in Sources */ = {isa = PBXBuildFile; fileRef = C03760E22CA7DE52005FB0B7 /* SubTitleWrapper.swift */; };
		C048DC432C9FBC72001DED55 /* UpdateHabitView.swift in Sources */ = {isa = PBXBuildFile; fileRef = C048DC422C9FBC72001DED55 /* UpdateHabitView.swift */; };
		C048DC472CA07018001DED55 /* UpdateHabitViewModel.swift in Sources */ = {isa = PBXBuildFile; fileRef = C048DC462CA07018001DED55 /* UpdateHabitViewModel.swift */; };
		C048DC4A2CA0707C001DED55 /* ViewModelType.swift in Sources */ = {isa = PBXBuildFile; fileRef = C048DC492CA0707C001DED55 /* ViewModelType.swift */; };
		C06B0BC42C9A76F0005451D5 /* HappBitApp.swift in Sources */ = {isa = PBXBuildFile; fileRef = C06B0BC32C9A76F0005451D5 /* HappBitApp.swift */; };
		C06B0BC62C9A76F0005451D5 /* ContentView.swift in Sources */ = {isa = PBXBuildFile; fileRef = C06B0BC52C9A76F0005451D5 /* ContentView.swift */; };
		C06B0BC82C9A76F2005451D5 /* Assets.xcassets in Resources */ = {isa = PBXBuildFile; fileRef = C06B0BC72C9A76F2005451D5 /* Assets.xcassets */; };
		C06B0BCB2C9A76F2005451D5 /* Preview Assets.xcassets in Resources */ = {isa = PBXBuildFile; fileRef = C06B0BCA2C9A76F2005451D5 /* Preview Assets.xcassets */; };
		C06B0BD82C9D09A3005451D5 /* Font+.swift in Sources */ = {isa = PBXBuildFile; fileRef = C06B0BD72C9D09A3005451D5 /* Font+.swift */; };
		C06B0BDA2C9D09C2005451D5 /* Color+.swift in Sources */ = {isa = PBXBuildFile; fileRef = C06B0BD92C9D09C2005451D5 /* Color+.swift */; };
		C06B0BDB2C9D0E40005451D5 /* Pretendard-Bold.otf in Resources */ = {isa = PBXBuildFile; fileRef = C06B0BD42C9A7B6B005451D5 /* Pretendard-Bold.otf */; };
		C06B0BDC2C9D0E43005451D5 /* Pretendard-Medium.otf in Resources */ = {isa = PBXBuildFile; fileRef = C06B0BD52C9A7B71005451D5 /* Pretendard-Medium.otf */; };
		C06B0BE22C9D16DE005451D5 /* RealmSwift in Frameworks */ = {isa = PBXBuildFile; productRef = C06B0BE12C9D16DE005451D5 /* RealmSwift */; };
		C06B0BE82C9D9445005451D5 /* Habit.swift in Sources */ = {isa = PBXBuildFile; fileRef = C06B0BE72C9D9445005451D5 /* Habit.swift */; };
		C06B0BEB2C9DD535005451D5 /* HomeView.swift in Sources */ = {isa = PBXBuildFile; fileRef = C06B0BEA2C9DD535005451D5 /* HomeView.swift */; };
		C06B0BED2C9E4B62005451D5 /* HabitCardView.swift in Sources */ = {isa = PBXBuildFile; fileRef = C06B0BEC2C9E4B62005451D5 /* HabitCardView.swift */; };
		C0A8EB752CA945F100D21CF6 /* NewModel.swift in Sources */ = {isa = PBXBuildFile; fileRef = C0A8EB742CA945F100D21CF6 /* NewModel.swift */; };
		C0E163DD2CA5431700DB118C /* HabitDetailView.swift in Sources */ = {isa = PBXBuildFile; fileRef = C0E163DC2CA5431700DB118C /* HabitDetailView.swift */; };
		C0E163DF2CA54E3200DB118C /* String+.swift in Sources */ = {isa = PBXBuildFile; fileRef = C0E163DE2CA54E3200DB118C /* String+.swift */; };
		C0E163E12CA54E3A00DB118C /* Date+.swift in Sources */ = {isa = PBXBuildFile; fileRef = C0E163E02CA54E3A00DB118C /* Date+.swift */; };
		C0E163E42CA54E6600DB118C /* DateFormatter.swift in Sources */ = {isa = PBXBuildFile; fileRef = C0E163E32CA54E6600DB118C /* DateFormatter.swift */; };
		C0E163E62CA5735900DB118C /* HabitDetailViewModel.swift in Sources */ = {isa = PBXBuildFile; fileRef = C0E163E52CA5735900DB118C /* HabitDetailViewModel.swift */; };
		C0E163E82CA6783800DB118C /* _Habit.swift in Sources */ = {isa = PBXBuildFile; fileRef = C0E163E72CA6783800DB118C /* _Habit.swift */; };
		C0E163EA2CA6890B00DB118C /* HabitStore.swift in Sources */ = {isa = PBXBuildFile; fileRef = C0E163E92CA6890B00DB118C /* HabitStore.swift */; };
		C0E3D9372CA2A77F0023131B /* HomeViewModel.swift in Sources */ = {isa = PBXBuildFile; fileRef = C0E3D9362CA2A77F0023131B /* HomeViewModel.swift */; };
/* End PBXBuildFile section */

/* Begin PBXCopyFilesBuildPhase section */
		C0090FDE2CA41D8600827E7A /* Embed Frameworks */ = {
			isa = PBXCopyFilesBuildPhase;
			buildActionMask = 2147483647;
			dstPath = "";
			dstSubfolderSpec = 10;
			files = (
				C0090FDD2CA41D8600827E7A /* RealmSwift in Embed Frameworks */,
			);
			name = "Embed Frameworks";
			runOnlyForDeploymentPostprocessing = 0;
		};
/* End PBXCopyFilesBuildPhase section */

/* Begin PBXFileReference section */
		C03760D12CA6C359005FB0B7 /* EstablishedView.swift */ = {isa = PBXFileReference; lastKnownFileType = sourcecode.swift; path = EstablishedView.swift; sourceTree = "<group>"; };
		C03760D52CA6C920005FB0B7 /* EstablishedViewModel.swift */ = {isa = PBXFileReference; lastKnownFileType = sourcecode.swift; path = EstablishedViewModel.swift; sourceTree = "<group>"; };
		C03760DA2CA717D2005FB0B7 /* PauseListView.swift */ = {isa = PBXFileReference; lastKnownFileType = sourcecode.swift; path = PauseListView.swift; sourceTree = "<group>"; };
		C03760DF2CA71FB1005FB0B7 /* PauseListViewModel.swift */ = {isa = PBXFileReference; lastKnownFileType = sourcecode.swift; path = PauseListViewModel.swift; sourceTree = "<group>"; };
		C03760E22CA7DE52005FB0B7 /* SubTitleWrapper.swift */ = {isa = PBXFileReference; lastKnownFileType = sourcecode.swift; path = SubTitleWrapper.swift; sourceTree = "<group>"; };
		C048DC422C9FBC72001DED55 /* UpdateHabitView.swift */ = {isa = PBXFileReference; lastKnownFileType = sourcecode.swift; path = UpdateHabitView.swift; sourceTree = "<group>"; };
		C048DC462CA07018001DED55 /* UpdateHabitViewModel.swift */ = {isa = PBXFileReference; lastKnownFileType = sourcecode.swift; path = UpdateHabitViewModel.swift; sourceTree = "<group>"; };
		C048DC492CA0707C001DED55 /* ViewModelType.swift */ = {isa = PBXFileReference; lastKnownFileType = sourcecode.swift; path = ViewModelType.swift; sourceTree = "<group>"; };
		C06B0BC02C9A76F0005451D5 /* HappBit.app */ = {isa = PBXFileReference; explicitFileType = wrapper.application; includeInIndex = 0; path = HappBit.app; sourceTree = BUILT_PRODUCTS_DIR; };
		C06B0BC32C9A76F0005451D5 /* HappBitApp.swift */ = {isa = PBXFileReference; lastKnownFileType = sourcecode.swift; path = HappBitApp.swift; sourceTree = "<group>"; };
		C06B0BC52C9A76F0005451D5 /* ContentView.swift */ = {isa = PBXFileReference; lastKnownFileType = sourcecode.swift; path = ContentView.swift; sourceTree = "<group>"; };
		C06B0BC72C9A76F2005451D5 /* Assets.xcassets */ = {isa = PBXFileReference; lastKnownFileType = folder.assetcatalog; path = Assets.xcassets; sourceTree = "<group>"; };
		C06B0BCA2C9A76F2005451D5 /* Preview Assets.xcassets */ = {isa = PBXFileReference; lastKnownFileType = folder.assetcatalog; path = "Preview Assets.xcassets"; sourceTree = "<group>"; };
		C06B0BD42C9A7B6B005451D5 /* Pretendard-Bold.otf */ = {isa = PBXFileReference; lastKnownFileType = file; path = "Pretendard-Bold.otf"; sourceTree = "<group>"; };
		C06B0BD52C9A7B71005451D5 /* Pretendard-Medium.otf */ = {isa = PBXFileReference; lastKnownFileType = file; path = "Pretendard-Medium.otf"; sourceTree = "<group>"; };
		C06B0BD72C9D09A3005451D5 /* Font+.swift */ = {isa = PBXFileReference; lastKnownFileType = sourcecode.swift; path = "Font+.swift"; sourceTree = "<group>"; };
		C06B0BD92C9D09C2005451D5 /* Color+.swift */ = {isa = PBXFileReference; lastKnownFileType = sourcecode.swift; path = "Color+.swift"; sourceTree = "<group>"; };
		C06B0BDF2C9D151D005451D5 /* Info.plist */ = {isa = PBXFileReference; lastKnownFileType = text.plist.xml; path = Info.plist; sourceTree = "<group>"; };
		C06B0BE72C9D9445005451D5 /* Habit.swift */ = {isa = PBXFileReference; lastKnownFileType = sourcecode.swift; path = Habit.swift; sourceTree = "<group>"; };
		C06B0BEA2C9DD535005451D5 /* HomeView.swift */ = {isa = PBXFileReference; lastKnownFileType = sourcecode.swift; path = HomeView.swift; sourceTree = "<group>"; };
		C06B0BEC2C9E4B62005451D5 /* HabitCardView.swift */ = {isa = PBXFileReference; lastKnownFileType = sourcecode.swift; path = HabitCardView.swift; sourceTree = "<group>"; };
		C0A8EB742CA945F100D21CF6 /* NewModel.swift */ = {isa = PBXFileReference; lastKnownFileType = sourcecode.swift; path = NewModel.swift; sourceTree = "<group>"; };
		C0E163DC2CA5431700DB118C /* HabitDetailView.swift */ = {isa = PBXFileReference; lastKnownFileType = sourcecode.swift; path = HabitDetailView.swift; sourceTree = "<group>"; };
		C0E163DE2CA54E3200DB118C /* String+.swift */ = {isa = PBXFileReference; lastKnownFileType = sourcecode.swift; path = "String+.swift"; sourceTree = "<group>"; };
		C0E163E02CA54E3A00DB118C /* Date+.swift */ = {isa = PBXFileReference; lastKnownFileType = sourcecode.swift; path = "Date+.swift"; sourceTree = "<group>"; };
		C0E163E32CA54E6600DB118C /* DateFormatter.swift */ = {isa = PBXFileReference; lastKnownFileType = sourcecode.swift; path = DateFormatter.swift; sourceTree = "<group>"; };
		C0E163E52CA5735900DB118C /* HabitDetailViewModel.swift */ = {isa = PBXFileReference; lastKnownFileType = sourcecode.swift; path = HabitDetailViewModel.swift; sourceTree = "<group>"; };
		C0E163E72CA6783800DB118C /* _Habit.swift */ = {isa = PBXFileReference; lastKnownFileType = sourcecode.swift; path = _Habit.swift; sourceTree = "<group>"; };
		C0E163E92CA6890B00DB118C /* HabitStore.swift */ = {isa = PBXFileReference; lastKnownFileType = sourcecode.swift; path = HabitStore.swift; sourceTree = "<group>"; };
		C0E3D9362CA2A77F0023131B /* HomeViewModel.swift */ = {isa = PBXFileReference; lastKnownFileType = sourcecode.swift; path = HomeViewModel.swift; sourceTree = "<group>"; };
/* End PBXFileReference section */

/* Begin PBXFrameworksBuildPhase section */
		C06B0BBD2C9A76F0005451D5 /* Frameworks */ = {
			isa = PBXFrameworksBuildPhase;
			buildActionMask = 2147483647;
			files = (
				C06B0BE22C9D16DE005451D5 /* RealmSwift in Frameworks */,
			);
			runOnlyForDeploymentPostprocessing = 0;
		};
/* End PBXFrameworksBuildPhase section */

/* Begin PBXGroup section */
		C03760D02CA6C312005FB0B7 /* My */ = {
			isa = PBXGroup;
			children = (
				C03760D32CA6C910005FB0B7 /* View */,
				C03760D42CA6C915005FB0B7 /* ViewModel */,
			);
			path = My;
			sourceTree = "<group>";
		};
		C03760D32CA6C910005FB0B7 /* View */ = {
			isa = PBXGroup;
			children = (
				C03760D12CA6C359005FB0B7 /* EstablishedView.swift */,
			);
			path = View;
			sourceTree = "<group>";
		};
		C03760D42CA6C915005FB0B7 /* ViewModel */ = {
			isa = PBXGroup;
			children = (
				C03760D52CA6C920005FB0B7 /* EstablishedViewModel.swift */,
			);
			path = ViewModel;
			sourceTree = "<group>";
		};
		C03760D72CA7177B005FB0B7 /* Box */ = {
			isa = PBXGroup;
			children = (
				C03760D82CA71788005FB0B7 /* View */,
				C03760DE2CA71F9D005FB0B7 /* ViewModel */,
			);
			path = Box;
			sourceTree = "<group>";
		};
		C03760D82CA71788005FB0B7 /* View */ = {
			isa = PBXGroup;
			children = (
				C03760DA2CA717D2005FB0B7 /* PauseListView.swift */,
			);
			path = View;
			sourceTree = "<group>";
		};
		C03760DE2CA71F9D005FB0B7 /* ViewModel */ = {
			isa = PBXGroup;
			children = (
				C03760DF2CA71FB1005FB0B7 /* PauseListViewModel.swift */,
			);
			path = ViewModel;
			sourceTree = "<group>";
		};
		C03760E12CA7DE37005FB0B7 /* Wrapper */ = {
			isa = PBXGroup;
			children = (
				C03760E22CA7DE52005FB0B7 /* SubTitleWrapper.swift */,
			);
			path = Wrapper;
			sourceTree = "<group>";
		};
		C03760E42CA7DFFC005FB0B7 /* Update */ = {
			isa = PBXGroup;
			children = (
				C03760E62CA7E039005FB0B7 /* View */,
				C03760E52CA7E032005FB0B7 /* ViewModel */,
			);
			path = Update;
			sourceTree = "<group>";
		};
		C03760E52CA7E032005FB0B7 /* ViewModel */ = {
			isa = PBXGroup;
			children = (
				C048DC462CA07018001DED55 /* UpdateHabitViewModel.swift */,
			);
			path = ViewModel;
			sourceTree = "<group>";
		};
		C03760E62CA7E039005FB0B7 /* View */ = {
			isa = PBXGroup;
			children = (
				C048DC422C9FBC72001DED55 /* UpdateHabitView.swift */,
			);
			path = View;
			sourceTree = "<group>";
		};
		C048DC442CA06A65001DED55 /* View */ = {
			isa = PBXGroup;
			children = (
				C06B0BEA2C9DD535005451D5 /* HomeView.swift */,
				C06B0BEC2C9E4B62005451D5 /* HabitCardView.swift */,
				C0E163DC2CA5431700DB118C /* HabitDetailView.swift */,
			);
			path = View;
			sourceTree = "<group>";
		};
		C048DC452CA06A6A001DED55 /* ViewModel */ = {
			isa = PBXGroup;
			children = (
				C0E3D9362CA2A77F0023131B /* HomeViewModel.swift */,
				C0E163E52CA5735900DB118C /* HabitDetailViewModel.swift */,
			);
			path = ViewModel;
			sourceTree = "<group>";
		};
		C048DC482CA07064001DED55 /* Protocol */ = {
			isa = PBXGroup;
			children = (
				C048DC492CA0707C001DED55 /* ViewModelType.swift */,
			);
			path = Protocol;
			sourceTree = "<group>";
		};
		C06B0BB72C9A76F0005451D5 = {
			isa = PBXGroup;
			children = (
				C06B0BC22C9A76F0005451D5 /* HappBit */,
				C06B0BC12C9A76F0005451D5 /* Products */,
			);
			sourceTree = "<group>";
		};
		C06B0BC12C9A76F0005451D5 /* Products */ = {
			isa = PBXGroup;
			children = (
				C06B0BC02C9A76F0005451D5 /* HappBit.app */,
			);
			name = Products;
			sourceTree = "<group>";
		};
		C06B0BC22C9A76F0005451D5 /* HappBit */ = {
			isa = PBXGroup;
			children = (
				C06B0BD22C9A7B4F005451D5 /* Resources */,
				C06B0BE32C9D4320005451D5 /* Sources */,
			);
			path = HappBit;
			sourceTree = "<group>";
		};
		C06B0BC92C9A76F2005451D5 /* Preview Content */ = {
			isa = PBXGroup;
			children = (
				C06B0BCA2C9A76F2005451D5 /* Preview Assets.xcassets */,
			);
			path = "Preview Content";
			sourceTree = "<group>";
		};
		C06B0BD22C9A7B4F005451D5 /* Resources */ = {
			isa = PBXGroup;
			children = (
				C06B0BC92C9A76F2005451D5 /* Preview Content */,
				C06B0BD32C9A7B60005451D5 /* Font */,
				C06B0BC72C9A76F2005451D5 /* Assets.xcassets */,
				C06B0BDF2C9D151D005451D5 /* Info.plist */,
			);
			path = Resources;
			sourceTree = "<group>";
		};
		C06B0BD32C9A7B60005451D5 /* Font */ = {
			isa = PBXGroup;
			children = (
				C06B0BD52C9A7B71005451D5 /* Pretendard-Medium.otf */,
				C06B0BD42C9A7B6B005451D5 /* Pretendard-Bold.otf */,
			);
			path = Font;
			sourceTree = "<group>";
		};
		C06B0BD62C9A7C5B005451D5 /* Extension */ = {
			isa = PBXGroup;
			children = (
				C06B0BD72C9D09A3005451D5 /* Font+.swift */,
				C06B0BD92C9D09C2005451D5 /* Color+.swift */,
				C0E163DE2CA54E3200DB118C /* String+.swift */,
				C0E163E02CA54E3A00DB118C /* Date+.swift */,
			);
			path = Extension;
			sourceTree = "<group>";
		};
		C06B0BE32C9D4320005451D5 /* Sources */ = {
			isa = PBXGroup;
			children = (
				C06B0BE52C9D647E005451D5 /* App */,
				C0E163E22CA54E5A00DB118C /* Enum */,
				C06B0BD62C9A7C5B005451D5 /* Extension */,
				C048DC482CA07064001DED55 /* Protocol */,
				C03760E12CA7DE37005FB0B7 /* Wrapper */,
				C06B0BE62C9D64C9005451D5 /* Model */,
				C06B0BE42C9D645B005451D5 /* Presentation */,
			);
			path = Sources;
			sourceTree = "<group>";
		};
		C06B0BE42C9D645B005451D5 /* Presentation */ = {
			isa = PBXGroup;
			children = (
				C06B0BE92C9DD520005451D5 /* Home */,
				C03760E42CA7DFFC005FB0B7 /* Update */,
				C03760D02CA6C312005FB0B7 /* My */,
				C03760D72CA7177B005FB0B7 /* Box */,
				C06B0BC52C9A76F0005451D5 /* ContentView.swift */,
			);
			path = Presentation;
			sourceTree = "<group>";
		};
		C06B0BE52C9D647E005451D5 /* App */ = {
			isa = PBXGroup;
			children = (
				C06B0BC32C9A76F0005451D5 /* HappBitApp.swift */,
			);
			path = App;
			sourceTree = "<group>";
		};
		C06B0BE62C9D64C9005451D5 /* Model */ = {
			isa = PBXGroup;
			children = (
				C06B0BE72C9D9445005451D5 /* Habit.swift */,
				C0E163E72CA6783800DB118C /* _Habit.swift */,
				C0E163E92CA6890B00DB118C /* HabitStore.swift */,
				C0A8EB742CA945F100D21CF6 /* NewModel.swift */,
			);
			path = Model;
			sourceTree = "<group>";
		};
		C06B0BE92C9DD520005451D5 /* Home */ = {
			isa = PBXGroup;
			children = (
				C048DC442CA06A65001DED55 /* View */,
				C048DC452CA06A6A001DED55 /* ViewModel */,
			);
			path = Home;
			sourceTree = "<group>";
		};
		C0E163E22CA54E5A00DB118C /* Enum */ = {
			isa = PBXGroup;
			children = (
				C0E163E32CA54E6600DB118C /* DateFormatter.swift */,
			);
			path = Enum;
			sourceTree = "<group>";
		};
/* End PBXGroup section */

/* Begin PBXNativeTarget section */
		C06B0BBF2C9A76F0005451D5 /* HappBit */ = {
			isa = PBXNativeTarget;
			buildConfigurationList = C06B0BCE2C9A76F2005451D5 /* Build configuration list for PBXNativeTarget "HappBit" */;
			buildPhases = (
				C06B0BBC2C9A76F0005451D5 /* Sources */,
				C06B0BBD2C9A76F0005451D5 /* Frameworks */,
				C06B0BBE2C9A76F0005451D5 /* Resources */,
				C0090FDE2CA41D8600827E7A /* Embed Frameworks */,
			);
			buildRules = (
			);
			dependencies = (
			);
			name = HappBit;
			packageProductDependencies = (
				C06B0BE12C9D16DE005451D5 /* RealmSwift */,
			);
			productName = HappBit;
			productReference = C06B0BC02C9A76F0005451D5 /* HappBit.app */;
			productType = "com.apple.product-type.application";
		};
/* End PBXNativeTarget section */

/* Begin PBXProject section */
		C06B0BB82C9A76F0005451D5 /* Project object */ = {
			isa = PBXProject;
			attributes = {
				BuildIndependentTargetsInParallel = 1;
				LastSwiftUpdateCheck = 1540;
				LastUpgradeCheck = 1540;
				TargetAttributes = {
					C06B0BBF2C9A76F0005451D5 = {
						CreatedOnToolsVersion = 15.4;
					};
				};
			};
			buildConfigurationList = C06B0BBB2C9A76F0005451D5 /* Build configuration list for PBXProject "HappBit" */;
			compatibilityVersion = "Xcode 14.0";
			developmentRegion = en;
			hasScannedForEncodings = 0;
			knownRegions = (
				en,
				Base,
			);
			mainGroup = C06B0BB72C9A76F0005451D5;
			packageReferences = (
				C06B0BE02C9D16DE005451D5 /* XCRemoteSwiftPackageReference "realm-swift" */,
			);
			productRefGroup = C06B0BC12C9A76F0005451D5 /* Products */;
			projectDirPath = "";
			projectRoot = "";
			targets = (
				C06B0BBF2C9A76F0005451D5 /* HappBit */,
			);
		};
/* End PBXProject section */

/* Begin PBXResourcesBuildPhase section */
		C06B0BBE2C9A76F0005451D5 /* Resources */ = {
			isa = PBXResourcesBuildPhase;
			buildActionMask = 2147483647;
			files = (
				C06B0BCB2C9A76F2005451D5 /* Preview Assets.xcassets in Resources */,
				C06B0BDB2C9D0E40005451D5 /* Pretendard-Bold.otf in Resources */,
				C06B0BC82C9A76F2005451D5 /* Assets.xcassets in Resources */,
				C06B0BDC2C9D0E43005451D5 /* Pretendard-Medium.otf in Resources */,
			);
			runOnlyForDeploymentPostprocessing = 0;
		};
/* End PBXResourcesBuildPhase section */

/* Begin PBXSourcesBuildPhase section */
		C06B0BBC2C9A76F0005451D5 /* Sources */ = {
			isa = PBXSourcesBuildPhase;
			buildActionMask = 2147483647;
			files = (
				C06B0BD82C9D09A3005451D5 /* Font+.swift in Sources */,
				C0E3D9372CA2A77F0023131B /* HomeViewModel.swift in Sources */,
				C03760DB2CA717D2005FB0B7 /* PauseListView.swift in Sources */,
				C0E163DD2CA5431700DB118C /* HabitDetailView.swift in Sources */,
				C0A8EB752CA945F100D21CF6 /* NewModel.swift in Sources */,
				C048DC432C9FBC72001DED55 /* UpdateHabitView.swift in Sources */,
				C06B0BE82C9D9445005451D5 /* Habit.swift in Sources */,
				C048DC472CA07018001DED55 /* UpdateHabitViewModel.swift in Sources */,
				C03760E02CA71FB1005FB0B7 /* PauseListViewModel.swift in Sources */,
				C03760D22CA6C359005FB0B7 /* EstablishedView.swift in Sources */,
				C06B0BDA2C9D09C2005451D5 /* Color+.swift in Sources */,
				C03760E32CA7DE52005FB0B7 /* SubTitleWrapper.swift in Sources */,
				C0E163E12CA54E3A00DB118C /* Date+.swift in Sources */,
				C06B0BED2C9E4B62005451D5 /* HabitCardView.swift in Sources */,
				C0E163E42CA54E6600DB118C /* DateFormatter.swift in Sources */,
				C03760D62CA6C920005FB0B7 /* EstablishedViewModel.swift in Sources */,
				C0E163EA2CA6890B00DB118C /* HabitStore.swift in Sources */,
				C06B0BEB2C9DD535005451D5 /* HomeView.swift in Sources */,
				C06B0BC62C9A76F0005451D5 /* ContentView.swift in Sources */,
				C0E163E62CA5735900DB118C /* HabitDetailViewModel.swift in Sources */,
				C0E163DF2CA54E3200DB118C /* String+.swift in Sources */,
				C0E163E82CA6783800DB118C /* _Habit.swift in Sources */,
				C048DC4A2CA0707C001DED55 /* ViewModelType.swift in Sources */,
				C06B0BC42C9A76F0005451D5 /* HappBitApp.swift in Sources */,
			);
			runOnlyForDeploymentPostprocessing = 0;
		};
/* End PBXSourcesBuildPhase section */

/* Begin XCBuildConfiguration section */
		C06B0BCC2C9A76F2005451D5 /* Debug */ = {
			isa = XCBuildConfiguration;
			buildSettings = {
				ALWAYS_SEARCH_USER_PATHS = NO;
				ASSETCATALOG_COMPILER_GENERATE_SWIFT_ASSET_SYMBOL_EXTENSIONS = YES;
				CLANG_ANALYZER_NONNULL = YES;
				CLANG_ANALYZER_NUMBER_OBJECT_CONVERSION = YES_AGGRESSIVE;
				CLANG_CXX_LANGUAGE_STANDARD = "gnu++20";
				CLANG_ENABLE_MODULES = YES;
				CLANG_ENABLE_OBJC_ARC = YES;
				CLANG_ENABLE_OBJC_WEAK = YES;
				CLANG_WARN_BLOCK_CAPTURE_AUTORELEASING = YES;
				CLANG_WARN_BOOL_CONVERSION = YES;
				CLANG_WARN_COMMA = YES;
				CLANG_WARN_CONSTANT_CONVERSION = YES;
				CLANG_WARN_DEPRECATED_OBJC_IMPLEMENTATIONS = YES;
				CLANG_WARN_DIRECT_OBJC_ISA_USAGE = YES_ERROR;
				CLANG_WARN_DOCUMENTATION_COMMENTS = YES;
				CLANG_WARN_EMPTY_BODY = YES;
				CLANG_WARN_ENUM_CONVERSION = YES;
				CLANG_WARN_INFINITE_RECURSION = YES;
				CLANG_WARN_INT_CONVERSION = YES;
				CLANG_WARN_NON_LITERAL_NULL_CONVERSION = YES;
				CLANG_WARN_OBJC_IMPLICIT_RETAIN_SELF = YES;
				CLANG_WARN_OBJC_LITERAL_CONVERSION = YES;
				CLANG_WARN_OBJC_ROOT_CLASS = YES_ERROR;
				CLANG_WARN_QUOTED_INCLUDE_IN_FRAMEWORK_HEADER = YES;
				CLANG_WARN_RANGE_LOOP_ANALYSIS = YES;
				CLANG_WARN_STRICT_PROTOTYPES = YES;
				CLANG_WARN_SUSPICIOUS_MOVE = YES;
				CLANG_WARN_UNGUARDED_AVAILABILITY = YES_AGGRESSIVE;
				CLANG_WARN_UNREACHABLE_CODE = YES;
				CLANG_WARN__DUPLICATE_METHOD_MATCH = YES;
				COPY_PHASE_STRIP = NO;
				DEBUG_INFORMATION_FORMAT = dwarf;
				ENABLE_STRICT_OBJC_MSGSEND = YES;
				ENABLE_TESTABILITY = YES;
				ENABLE_USER_SCRIPT_SANDBOXING = YES;
				GCC_C_LANGUAGE_STANDARD = gnu17;
				GCC_DYNAMIC_NO_PIC = NO;
				GCC_NO_COMMON_BLOCKS = YES;
				GCC_OPTIMIZATION_LEVEL = 0;
				GCC_PREPROCESSOR_DEFINITIONS = (
					"DEBUG=1",
					"$(inherited)",
				);
				GCC_WARN_64_TO_32_BIT_CONVERSION = YES;
				GCC_WARN_ABOUT_RETURN_TYPE = YES_ERROR;
				GCC_WARN_UNDECLARED_SELECTOR = YES;
				GCC_WARN_UNINITIALIZED_AUTOS = YES_AGGRESSIVE;
				GCC_WARN_UNUSED_FUNCTION = YES;
				GCC_WARN_UNUSED_VARIABLE = YES;
				IPHONEOS_DEPLOYMENT_TARGET = 16.0;
				LOCALIZATION_PREFERS_STRING_CATALOGS = YES;
				MTL_ENABLE_DEBUG_INFO = INCLUDE_SOURCE;
				MTL_FAST_MATH = YES;
				ONLY_ACTIVE_ARCH = YES;
				SDKROOT = iphoneos;
				SWIFT_ACTIVE_COMPILATION_CONDITIONS = "DEBUG $(inherited)";
				SWIFT_OPTIMIZATION_LEVEL = "-Onone";
			};
			name = Debug;
		};
		C06B0BCD2C9A76F2005451D5 /* Release */ = {
			isa = XCBuildConfiguration;
			buildSettings = {
				ALWAYS_SEARCH_USER_PATHS = NO;
				ASSETCATALOG_COMPILER_GENERATE_SWIFT_ASSET_SYMBOL_EXTENSIONS = YES;
				CLANG_ANALYZER_NONNULL = YES;
				CLANG_ANALYZER_NUMBER_OBJECT_CONVERSION = YES_AGGRESSIVE;
				CLANG_CXX_LANGUAGE_STANDARD = "gnu++20";
				CLANG_ENABLE_MODULES = YES;
				CLANG_ENABLE_OBJC_ARC = YES;
				CLANG_ENABLE_OBJC_WEAK = YES;
				CLANG_WARN_BLOCK_CAPTURE_AUTORELEASING = YES;
				CLANG_WARN_BOOL_CONVERSION = YES;
				CLANG_WARN_COMMA = YES;
				CLANG_WARN_CONSTANT_CONVERSION = YES;
				CLANG_WARN_DEPRECATED_OBJC_IMPLEMENTATIONS = YES;
				CLANG_WARN_DIRECT_OBJC_ISA_USAGE = YES_ERROR;
				CLANG_WARN_DOCUMENTATION_COMMENTS = YES;
				CLANG_WARN_EMPTY_BODY = YES;
				CLANG_WARN_ENUM_CONVERSION = YES;
				CLANG_WARN_INFINITE_RECURSION = YES;
				CLANG_WARN_INT_CONVERSION = YES;
				CLANG_WARN_NON_LITERAL_NULL_CONVERSION = YES;
				CLANG_WARN_OBJC_IMPLICIT_RETAIN_SELF = YES;
				CLANG_WARN_OBJC_LITERAL_CONVERSION = YES;
				CLANG_WARN_OBJC_ROOT_CLASS = YES_ERROR;
				CLANG_WARN_QUOTED_INCLUDE_IN_FRAMEWORK_HEADER = YES;
				CLANG_WARN_RANGE_LOOP_ANALYSIS = YES;
				CLANG_WARN_STRICT_PROTOTYPES = YES;
				CLANG_WARN_SUSPICIOUS_MOVE = YES;
				CLANG_WARN_UNGUARDED_AVAILABILITY = YES_AGGRESSIVE;
				CLANG_WARN_UNREACHABLE_CODE = YES;
				CLANG_WARN__DUPLICATE_METHOD_MATCH = YES;
				COPY_PHASE_STRIP = NO;
				DEBUG_INFORMATION_FORMAT = "dwarf-with-dsym";
				ENABLE_NS_ASSERTIONS = NO;
				ENABLE_STRICT_OBJC_MSGSEND = YES;
				ENABLE_USER_SCRIPT_SANDBOXING = YES;
				GCC_C_LANGUAGE_STANDARD = gnu17;
				GCC_NO_COMMON_BLOCKS = YES;
				GCC_WARN_64_TO_32_BIT_CONVERSION = YES;
				GCC_WARN_ABOUT_RETURN_TYPE = YES_ERROR;
				GCC_WARN_UNDECLARED_SELECTOR = YES;
				GCC_WARN_UNINITIALIZED_AUTOS = YES_AGGRESSIVE;
				GCC_WARN_UNUSED_FUNCTION = YES;
				GCC_WARN_UNUSED_VARIABLE = YES;
				IPHONEOS_DEPLOYMENT_TARGET = 16.0;
				LOCALIZATION_PREFERS_STRING_CATALOGS = YES;
				MTL_ENABLE_DEBUG_INFO = NO;
				MTL_FAST_MATH = YES;
				SDKROOT = iphoneos;
				SWIFT_COMPILATION_MODE = wholemodule;
				VALIDATE_PRODUCT = YES;
			};
			name = Release;
		};
		C06B0BCF2C9A76F2005451D5 /* Debug */ = {
			isa = XCBuildConfiguration;
			buildSettings = {
				ASSETCATALOG_COMPILER_APPICON_NAME = AppIcon;
				ASSETCATALOG_COMPILER_GLOBAL_ACCENT_COLOR_NAME = AccentColor;
				CODE_SIGN_STYLE = Automatic;
				CURRENT_PROJECT_VERSION = 1;
				DEVELOPMENT_ASSET_PATHS = "\"HappBit/Resources/Preview Content\"";
				DEVELOPMENT_TEAM = TP3YZL7Z8A;
				ENABLE_PREVIEWS = YES;
				GENERATE_INFOPLIST_FILE = YES;
				INFOPLIST_FILE = HappBit/Resources/Info.plist;
				INFOPLIST_KEY_CFBundleDisplayName = HappBit;
				INFOPLIST_KEY_UIApplicationSceneManifest_Generation = YES;
				INFOPLIST_KEY_UIApplicationSupportsIndirectInputEvents = YES;
				INFOPLIST_KEY_UILaunchScreen_Generation = YES;
				INFOPLIST_KEY_UISupportedInterfaceOrientations = UIInterfaceOrientationPortrait;
				INFOPLIST_KEY_UISupportedInterfaceOrientations_iPad = UIInterfaceOrientationPortrait;
				LD_RUNPATH_SEARCH_PATHS = (
					"$(inherited)",
					"@executable_path/Frameworks",
				);
				MARKETING_VERSION = 1.0;
				PRODUCT_BUNDLE_IDENTIFIER = com.orzr.HappBit;
				PRODUCT_NAME = "$(TARGET_NAME)";
				SUPPORTED_PLATFORMS = "iphoneos iphonesimulator";
				SUPPORTS_MACCATALYST = NO;
				SUPPORTS_MAC_DESIGNED_FOR_IPHONE_IPAD = NO;
				SUPPORTS_XR_DESIGNED_FOR_IPHONE_IPAD = NO;
				SWIFT_EMIT_LOC_STRINGS = YES;
				SWIFT_VERSION = 5.0;
				TARGETED_DEVICE_FAMILY = 1;
			};
			name = Debug;
		};
		C06B0BD02C9A76F2005451D5 /* Release */ = {
			isa = XCBuildConfiguration;
			buildSettings = {
				ASSETCATALOG_COMPILER_APPICON_NAME = AppIcon;
				ASSETCATALOG_COMPILER_GLOBAL_ACCENT_COLOR_NAME = AccentColor;
				CODE_SIGN_STYLE = Automatic;
				CURRENT_PROJECT_VERSION = 1;
				DEVELOPMENT_ASSET_PATHS = "\"HappBit/Resources/Preview Content\"";
				DEVELOPMENT_TEAM = TP3YZL7Z8A;
				ENABLE_PREVIEWS = YES;
				GENERATE_INFOPLIST_FILE = YES;
				INFOPLIST_FILE = HappBit/Resources/Info.plist;
				INFOPLIST_KEY_CFBundleDisplayName = HappBit;
				INFOPLIST_KEY_UIApplicationSceneManifest_Generation = YES;
				INFOPLIST_KEY_UIApplicationSupportsIndirectInputEvents = YES;
				INFOPLIST_KEY_UILaunchScreen_Generation = YES;
				INFOPLIST_KEY_UISupportedInterfaceOrientations = UIInterfaceOrientationPortrait;
				INFOPLIST_KEY_UISupportedInterfaceOrientations_iPad = UIInterfaceOrientationPortrait;
				LD_RUNPATH_SEARCH_PATHS = (
					"$(inherited)",
					"@executable_path/Frameworks",
				);
				MARKETING_VERSION = 1.0;
				PRODUCT_BUNDLE_IDENTIFIER = com.orzr.HappBit;
				PRODUCT_NAME = "$(TARGET_NAME)";
				SUPPORTED_PLATFORMS = "iphoneos iphonesimulator";
				SUPPORTS_MACCATALYST = NO;
				SUPPORTS_MAC_DESIGNED_FOR_IPHONE_IPAD = NO;
				SUPPORTS_XR_DESIGNED_FOR_IPHONE_IPAD = NO;
				SWIFT_EMIT_LOC_STRINGS = YES;
				SWIFT_VERSION = 5.0;
				TARGETED_DEVICE_FAMILY = 1;
			};
			name = Release;
		};
/* End XCBuildConfiguration section */

/* Begin XCConfigurationList section */
		C06B0BBB2C9A76F0005451D5 /* Build configuration list for PBXProject "HappBit" */ = {
			isa = XCConfigurationList;
			buildConfigurations = (
				C06B0BCC2C9A76F2005451D5 /* Debug */,
				C06B0BCD2C9A76F2005451D5 /* Release */,
			);
			defaultConfigurationIsVisible = 0;
			defaultConfigurationName = Release;
		};
		C06B0BCE2C9A76F2005451D5 /* Build configuration list for PBXNativeTarget "HappBit" */ = {
			isa = XCConfigurationList;
			buildConfigurations = (
				C06B0BCF2C9A76F2005451D5 /* Debug */,
				C06B0BD02C9A76F2005451D5 /* Release */,
			);
			defaultConfigurationIsVisible = 0;
			defaultConfigurationName = Release;
		};
/* End XCConfigurationList section */

/* Begin XCRemoteSwiftPackageReference section */
		C06B0BE02C9D16DE005451D5 /* XCRemoteSwiftPackageReference "realm-swift" */ = {
			isa = XCRemoteSwiftPackageReference;
			repositoryURL = "https://github.com/realm/realm-swift.git";
			requirement = {
				kind = exactVersion;
				version = 20.0.0;
			};
		};
/* End XCRemoteSwiftPackageReference section */

/* Begin XCSwiftPackageProductDependency section */
		C06B0BE12C9D16DE005451D5 /* RealmSwift */ = {
			isa = XCSwiftPackageProductDependency;
			package = C06B0BE02C9D16DE005451D5 /* XCRemoteSwiftPackageReference "realm-swift" */;
			productName = RealmSwift;
		};
/* End XCSwiftPackageProductDependency section */
	};
	rootObject = C06B0BB82C9A76F0005451D5 /* Project object */;
}
